
Microsoft Visual Studio Solution File, Format Version 12.00
# Visual Studio Version 17
VisualStudioVersion = 17.9.34622.214
MinimumVisualStudioVersion = 10.0.40219.1
Project("{2150E333-8FDC-42A3-9474-1A3956D46DE8}") = "Services", "Services", "{6C3DE8E9-0B86-46B2-A8C9-B6020AC51D55}"
EndProject
Project("{2150E333-8FDC-42A3-9474-1A3956D46DE8}") = "Catalog", "Catalog", "{1C706190-D2D3-4AFB-BF92-77C666BCCA6F}"
EndProject
Project("{9A19103F-16F7-4668-BE54-9A1E7A4F7556}") = "ECommerce.Catalog", "Services\Catalog\ECommerce.Catalog\ECommerce.Catalog.csproj", "{CD11DA81-44AD-48C7-91E2-43D0A850A035}"
EndProject
Project("{2150E333-8FDC-42A3-9474-1A3956D46DE8}") = "Discount", "Discount", "{57F92F29-2D4D-40FF-91DB-F21E6991A4D7}"
EndProject
Project("{9A19103F-16F7-4668-BE54-9A1E7A4F7556}") = "ECommerce.Discount", "Services\Discount\ECommerce.Discount\ECommerce.Discount.csproj", "{00797177-CB55-4474-974E-2C0A23731866}"
EndProject
Project("{2150E333-8FDC-42A3-9474-1A3956D46DE8}") = "Order", "Order", "{419DB9A6-2377-441B-A96C-C97FFE6DA29E}"
EndProject
Project("{2150E333-8FDC-42A3-9474-1A3956D46DE8}") = "Core", "Core", "{DB216ED6-6242-48C7-AAD6-96E3162BD837}"
EndProject
Project("{2150E333-8FDC-42A3-9474-1A3956D46DE8}") = "Infrastructure", "Infrastructure", "{A998999C-A0D7-42BE-805A-4B7B0772D8E1}"
EndProject
Project("{2150E333-8FDC-42A3-9474-1A3956D46DE8}") = "Presentation", "Presentation", "{FAD5DC36-C000-4D52-81C4-65014A4EB902}"
EndProject
Project("{9A19103F-16F7-4668-BE54-9A1E7A4F7556}") = "ECommerce.Order.Domain", "Services\Order\Core\ECommerce.Order.Domain\ECommerce.Order.Domain.csproj", "{DA39167A-E553-4721-9EB5-ADE2B1CC3840}"
EndProject
Project("{9A19103F-16F7-4668-BE54-9A1E7A4F7556}") = "ECommerce.Order.Application", "Services\Order\Core\ECommerce.Order.Application\ECommerce.Order.Application.csproj", "{F6016038-E632-466C-BDFB-7444028E0DC2}"
EndProject
Project("{9A19103F-16F7-4668-BE54-9A1E7A4F7556}") = "ECommerce.Order.Persistence", "Services\Order\Infrastructure\ECommerce.Order.Persistence\ECommerce.Order.Persistence.csproj", "{3D69D2C3-7E96-4461-8914-DEFD70A1FA17}"
EndProject
Project("{9A19103F-16F7-4668-BE54-9A1E7A4F7556}") = "ECommerce.Order.WebApi", "Services\Order\Presentation\ECommerce.Order.WebApi\ECommerce.Order.WebApi.csproj", "{1C665C2A-D97B-46B2-B16D-3EAB012AF9AD}"
EndProject
Project("{2150E333-8FDC-42A3-9474-1A3956D46DE8}") = "IdentityServer", "IdentityServer", "{55F28431-E3DC-4BE7-B732-A1F8D779FD8B}"
EndProject
Project("{9A19103F-16F7-4668-BE54-9A1E7A4F7556}") = "ECommerce.IdentityServer", "IdentityServer\ECommerce.IdentityServer\ECommerce.IdentityServer.csproj", "{3AA5C803-AD80-4E2D-BE16-96DCACAE038A}"
EndProject
Project("{2150E333-8FDC-42A3-9474-1A3956D46DE8}") = "Requirements", "Requirements", "{D5437A28-3D43-4C1D-BDE5-DDE99F6D512C}"
	ProjectSection(SolutionItems) = preProject
		PortNumbers.txt = PortNumbers.txt
	EndProjectSection
EndProject
Project("{2150E333-8FDC-42A3-9474-1A3956D46DE8}") = "Cargo", "Cargo", "{985F4FB0-1F87-4A12-8ADE-122A37C49656}"
EndProject
Project("{FAE04EC0-301F-11D3-BF4B-00C04F79EFBC}") = "ECommerce.Cargo.EntityLayer", "Services\Cargo\ECommerce.Cargo.EntityLayer\ECommerce.Cargo.EntityLayer.csproj", "{1056AA3C-9D33-40E9-8F17-C1A92CDA1B8D}"
EndProject
Project("{FAE04EC0-301F-11D3-BF4B-00C04F79EFBC}") = "ECommerce.Cargo.BusinessLayer", "Services\Cargo\ECommerce.Cargo.BusinessLayer\ECommerce.Cargo.BusinessLayer.csproj", "{59D71D9F-27D3-4E8C-812D-B9600B9ABD1D}"
EndProject
Project("{FAE04EC0-301F-11D3-BF4B-00C04F79EFBC}") = "ECommerce.Cargo.DataAccessLayer", "Services\Cargo\ECommerce.Cargo.DataAccessLayer\ECommerce.Cargo.DataAccessLayer.csproj", "{A1E57D4B-D1F5-46E5-B5CB-67A3B62430BF}"
EndProject
Project("{FAE04EC0-301F-11D3-BF4B-00C04F79EFBC}") = "ECommerce.Cargo.DtoLayer", "Services\Cargo\ECommerce.Cargo.DtoLayer\ECommerce.Cargo.DtoLayer.csproj", "{513F970D-021D-4D6B-BC84-9CB4DE6F3C2C}"
EndProject
Project("{FAE04EC0-301F-11D3-BF4B-00C04F79EFBC}") = "ECommerce.Cargo.WebApi", "Services\Cargo\ECommerce.Cargo.WebApi\ECommerce.Cargo.WebApi.csproj", "{CB1E08E5-4E3C-43E6-887E-19CFD451F5E2}"
EndProject
Global
	GlobalSection(SolutionConfigurationPlatforms) = preSolution
		Debug|Any CPU = Debug|Any CPU
		Release|Any CPU = Release|Any CPU
	EndGlobalSection
	GlobalSection(ProjectConfigurationPlatforms) = postSolution
		{CD11DA81-44AD-48C7-91E2-43D0A850A035}.Debug|Any CPU.ActiveCfg = Debug|Any CPU
		{CD11DA81-44AD-48C7-91E2-43D0A850A035}.Debug|Any CPU.Build.0 = Debug|Any CPU
		{CD11DA81-44AD-48C7-91E2-43D0A850A035}.Release|Any CPU.ActiveCfg = Release|Any CPU
		{CD11DA81-44AD-48C7-91E2-43D0A850A035}.Release|Any CPU.Build.0 = Release|Any CPU
		{00797177-CB55-4474-974E-2C0A23731866}.Debug|Any CPU.ActiveCfg = Debug|Any CPU
		{00797177-CB55-4474-974E-2C0A23731866}.Debug|Any CPU.Build.0 = Debug|Any CPU
		{00797177-CB55-4474-974E-2C0A23731866}.Release|Any CPU.ActiveCfg = Release|Any CPU
		{00797177-CB55-4474-974E-2C0A23731866}.Release|Any CPU.Build.0 = Release|Any CPU
		{DA39167A-E553-4721-9EB5-ADE2B1CC3840}.Debug|Any CPU.ActiveCfg = Debug|Any CPU
		{DA39167A-E553-4721-9EB5-ADE2B1CC3840}.Debug|Any CPU.Build.0 = Debug|Any CPU
		{DA39167A-E553-4721-9EB5-ADE2B1CC3840}.Release|Any CPU.ActiveCfg = Release|Any CPU
		{DA39167A-E553-4721-9EB5-ADE2B1CC3840}.Release|Any CPU.Build.0 = Release|Any CPU
		{F6016038-E632-466C-BDFB-7444028E0DC2}.Debug|Any CPU.ActiveCfg = Debug|Any CPU
		{F6016038-E632-466C-BDFB-7444028E0DC2}.Debug|Any CPU.Build.0 = Debug|Any CPU
		{F6016038-E632-466C-BDFB-7444028E0DC2}.Release|Any CPU.ActiveCfg = Release|Any CPU
		{F6016038-E632-466C-BDFB-7444028E0DC2}.Release|Any CPU.Build.0 = Release|Any CPU
		{3D69D2C3-7E96-4461-8914-DEFD70A1FA17}.Debug|Any CPU.ActiveCfg = Debug|Any CPU
		{3D69D2C3-7E96-4461-8914-DEFD70A1FA17}.Debug|Any CPU.Build.0 = Debug|Any CPU
		{3D69D2C3-7E96-4461-8914-DEFD70A1FA17}.Release|Any CPU.ActiveCfg = Release|Any CPU
		{3D69D2C3-7E96-4461-8914-DEFD70A1FA17}.Release|Any CPU.Build.0 = Release|Any CPU
		{1C665C2A-D97B-46B2-B16D-3EAB012AF9AD}.Debug|Any CPU.ActiveCfg = Debug|Any CPU
		{1C665C2A-D97B-46B2-B16D-3EAB012AF9AD}.Debug|Any CPU.Build.0 = Debug|Any CPU
		{1C665C2A-D97B-46B2-B16D-3EAB012AF9AD}.Release|Any CPU.ActiveCfg = Release|Any CPU
		{1C665C2A-D97B-46B2-B16D-3EAB012AF9AD}.Release|Any CPU.Build.0 = Release|Any CPU
		{3AA5C803-AD80-4E2D-BE16-96DCACAE038A}.Debug|Any CPU.ActiveCfg = Debug|Any CPU
		{3AA5C803-AD80-4E2D-BE16-96DCACAE038A}.Debug|Any CPU.Build.0 = Debug|Any CPU
		{3AA5C803-AD80-4E2D-BE16-96DCACAE038A}.Release|Any CPU.ActiveCfg = Release|Any CPU
		{3AA5C803-AD80-4E2D-BE16-96DCACAE038A}.Release|Any CPU.Build.0 = Release|Any CPU
		{1056AA3C-9D33-40E9-8F17-C1A92CDA1B8D}.Debug|Any CPU.ActiveCfg = Debug|Any CPU
		{1056AA3C-9D33-40E9-8F17-C1A92CDA1B8D}.Debug|Any CPU.Build.0 = Debug|Any CPU
		{1056AA3C-9D33-40E9-8F17-C1A92CDA1B8D}.Release|Any CPU.ActiveCfg = Release|Any CPU
		{1056AA3C-9D33-40E9-8F17-C1A92CDA1B8D}.Release|Any CPU.Build.0 = Release|Any CPU
		{59D71D9F-27D3-4E8C-812D-B9600B9ABD1D}.Debug|Any CPU.ActiveCfg = Debug|Any CPU
		{59D71D9F-27D3-4E8C-812D-B9600B9ABD1D}.Debug|Any CPU.Build.0 = Debug|Any CPU
		{59D71D9F-27D3-4E8C-812D-B9600B9ABD1D}.Release|Any CPU.ActiveCfg = Release|Any CPU
		{59D71D9F-27D3-4E8C-812D-B9600B9ABD1D}.Release|Any CPU.Build.0 = Release|Any CPU
		{A1E57D4B-D1F5-46E5-B5CB-67A3B62430BF}.Debug|Any CPU.ActiveCfg = Debug|Any CPU
		{A1E57D4B-D1F5-46E5-B5CB-67A3B62430BF}.Debug|Any CPU.Build.0 = Debug|Any CPU
		{A1E57D4B-D1F5-46E5-B5CB-67A3B62430BF}.Release|Any CPU.ActiveCfg = Release|Any CPU
		{A1E57D4B-D1F5-46E5-B5CB-67A3B62430BF}.Release|Any CPU.Build.0 = Release|Any CPU
		{513F970D-021D-4D6B-BC84-9CB4DE6F3C2C}.Debug|Any CPU.ActiveCfg = Debug|Any CPU
		{513F970D-021D-4D6B-BC84-9CB4DE6F3C2C}.Debug|Any CPU.Build.0 = Debug|Any CPU
		{513F970D-021D-4D6B-BC84-9CB4DE6F3C2C}.Release|Any CPU.ActiveCfg = Release|Any CPU
		{513F970D-021D-4D6B-BC84-9CB4DE6F3C2C}.Release|Any CPU.Build.0 = Release|Any CPU
		{CB1E08E5-4E3C-43E6-887E-19CFD451F5E2}.Debug|Any CPU.ActiveCfg = Debug|Any CPU
		{CB1E08E5-4E3C-43E6-887E-19CFD451F5E2}.Debug|Any CPU.Build.0 = Debug|Any CPU
		{CB1E08E5-4E3C-43E6-887E-19CFD451F5E2}.Release|Any CPU.ActiveCfg = Release|Any CPU
		{CB1E08E5-4E3C-43E6-887E-19CFD451F5E2}.Release|Any CPU.Build.0 = Release|Any CPU
	EndGlobalSection
	GlobalSection(SolutionProperties) = preSolution
		HideSolutionNode = FALSE
	EndGlobalSection
	GlobalSection(NestedProjects) = preSolution
		{1C706190-D2D3-4AFB-BF92-77C666BCCA6F} = {6C3DE8E9-0B86-46B2-A8C9-B6020AC51D55}
		{CD11DA81-44AD-48C7-91E2-43D0A850A035} = {1C706190-D2D3-4AFB-BF92-77C666BCCA6F}
		{57F92F29-2D4D-40FF-91DB-F21E6991A4D7} = {6C3DE8E9-0B86-46B2-A8C9-B6020AC51D55}
		{00797177-CB55-4474-974E-2C0A23731866} = {57F92F29-2D4D-40FF-91DB-F21E6991A4D7}
		{419DB9A6-2377-441B-A96C-C97FFE6DA29E} = {6C3DE8E9-0B86-46B2-A8C9-B6020AC51D55}
		{DB216ED6-6242-48C7-AAD6-96E3162BD837} = {419DB9A6-2377-441B-A96C-C97FFE6DA29E}
		{A998999C-A0D7-42BE-805A-4B7B0772D8E1} = {419DB9A6-2377-441B-A96C-C97FFE6DA29E}
		{FAD5DC36-C000-4D52-81C4-65014A4EB902} = {419DB9A6-2377-441B-A96C-C97FFE6DA29E}
		{DA39167A-E553-4721-9EB5-ADE2B1CC3840} = {DB216ED6-6242-48C7-AAD6-96E3162BD837}
		{F6016038-E632-466C-BDFB-7444028E0DC2} = {DB216ED6-6242-48C7-AAD6-96E3162BD837}
		{3D69D2C3-7E96-4461-8914-DEFD70A1FA17} = {A998999C-A0D7-42BE-805A-4B7B0772D8E1}
		{1C665C2A-D97B-46B2-B16D-3EAB012AF9AD} = {FAD5DC36-C000-4D52-81C4-65014A4EB902}
		{3AA5C803-AD80-4E2D-BE16-96DCACAE038A} = {55F28431-E3DC-4BE7-B732-A1F8D779FD8B}
		{985F4FB0-1F87-4A12-8ADE-122A37C49656} = {6C3DE8E9-0B86-46B2-A8C9-B6020AC51D55}
		{1056AA3C-9D33-40E9-8F17-C1A92CDA1B8D} = {985F4FB0-1F87-4A12-8ADE-122A37C49656}
		{59D71D9F-27D3-4E8C-812D-B9600B9ABD1D} = {985F4FB0-1F87-4A12-8ADE-122A37C49656}
		{A1E57D4B-D1F5-46E5-B5CB-67A3B62430BF} = {985F4FB0-1F87-4A12-8ADE-122A37C49656}
		{513F970D-021D-4D6B-BC84-9CB4DE6F3C2C} = {985F4FB0-1F87-4A12-8ADE-122A37C49656}
		{CB1E08E5-4E3C-43E6-887E-19CFD451F5E2} = {985F4FB0-1F87-4A12-8ADE-122A37C49656}
	EndGlobalSection
	GlobalSection(ExtensibilityGlobals) = postSolution
		SolutionGuid = {8F708BBB-9C7B-421D-92B0-D1B5EE2C5040}
	EndGlobalSection
EndGlobal
